
Microsoft Visual Studio Solution File, Format Version 12.00
# Visual Studio Version 16
VisualStudioVersion = 16.0.31321.278
MinimumVisualStudioVersion = 10.0.40219.1
Project("{FAE04EC0-301F-11D3-BF4B-00C04F79EFBC}") = "Webtonic", "Webtonic.csproj", "{97226B6A-74CC-42E0-B2F7-290BB9030A7F}"
EndProject
Global
	GlobalSection(SolutionConfigurationPlatforms) = preSolution
		Debug|Any CPU = Debug|Any CPU
		Release|Any CPU = Release|Any CPU
	EndGlobalSection
	GlobalSection(ProjectConfigurationPlatforms) = postSolution
		{97226B6A-74CC-42E0-B2F7-290BB9030A7F}.Debug|Any CPU.ActiveCfg = Debug|Any CPU
		{97226B6A-74CC-42E0-B2F7-290BB9030A7F}.Debug|Any CPU.Build.0 = Debug|Any CPU
		{97226B6A-74CC-42E0-B2F7-290BB9030A7F}.Release|Any CPU.ActiveCfg = Release|Any CPU
		{97226B6A-74CC-42E0-B2F7-290BB9030A7F}.Release|Any CPU.Build.0 = Release|Any CPU
	EndGlobalSection
	GlobalSection(SolutionProperties) = preSolution
		HideSolutionNode = FALSE
	EndGlobalSection
	GlobalSection(ExtensibilityGlobals) = postSolution
		SolutionGuid = {6BAD89B7-8E1E-4EA0-944F-BEF85DC6D3DA}
	EndGlobalSection
EndGlobal
